
Microsoft Visual Studio Solution File, Format Version 12.00
# Visual Studio Version 17
VisualStudioVersion = 17.12.35527.113 d17.12
MinimumVisualStudioVersion = 10.0.40219.1
Project("{FAE04EC0-301F-11D3-BF4B-00C04F79EFBC}") = "N5Challenge.Common", "N5Challenge.Common\N5Challenge.Common.csproj", "{4D942409-07A7-46A7-A55C-4D6A0A28D282}"
EndProject
Project("{FAE04EC0-301F-11D3-BF4B-00C04F79EFBC}") = "N5Challenge.Common.Infraestructure", "N5Challenge.Common.Infraestructure\N5Challenge.Common.Infraestructure.csproj", "{DDB27FA4-9C48-4595-88EF-CCEF49039724}"
EndProject
Global
	GlobalSection(SolutionConfigurationPlatforms) = preSolution
		Debug|Any CPU = Debug|Any CPU
		Release|Any CPU = Release|Any CPU
	EndGlobalSection
	GlobalSection(ProjectConfigurationPlatforms) = postSolution
		{4D942409-07A7-46A7-A55C-4D6A0A28D282}.Debug|Any CPU.ActiveCfg = Debug|Any CPU
		{4D942409-07A7-46A7-A55C-4D6A0A28D282}.Debug|Any CPU.Build.0 = Debug|Any CPU
		{4D942409-07A7-46A7-A55C-4D6A0A28D282}.Release|Any CPU.ActiveCfg = Release|Any CPU
		{4D942409-07A7-46A7-A55C-4D6A0A28D282}.Release|Any CPU.Build.0 = Release|Any CPU
		{DDB27FA4-9C48-4595-88EF-CCEF49039724}.Debug|Any CPU.ActiveCfg = Debug|Any CPU
		{DDB27FA4-9C48-4595-88EF-CCEF49039724}.Debug|Any CPU.Build.0 = Debug|Any CPU
		{DDB27FA4-9C48-4595-88EF-CCEF49039724}.Release|Any CPU.ActiveCfg = Release|Any CPU
		{DDB27FA4-9C48-4595-88EF-CCEF49039724}.Release|Any CPU.Build.0 = Release|Any CPU
	EndGlobalSection
	GlobalSection(SolutionProperties) = preSolution
		HideSolutionNode = FALSE
	EndGlobalSection
EndGlobal
